{
  "version": 4,
  "terraform_version": "1.8.4",
  "serial": 49,
  "lineage": "28fc73c1-e482-5430-8011-e2334c87ad84",
  "outputs": {
    "instance_private_ip": {
      "value": "10.0.3.236",
      "type": "string"
    }
  },
  "resources": [
    {
      "mode": "managed",
      "type": "aws_db_instance",
      "name": "my_db",
      "provider": "provider[\"registry.terraform.io/hashicorp/aws\"]",
      "instances": [
        {
          "schema_version": 2,
          "attributes": {
            "address": "my-database.cpeaiqgw037i.eu-west-2.rds.amazonaws.com",
            "allocated_storage": 20,
            "allow_major_version_upgrade": null,
            "apply_immediately": false,
            "arn": "arn:aws:rds:eu-west-2:590183773624:db:my-database",
            "auto_minor_version_upgrade": true,
            "availability_zone": "eu-west-2a",
            "backup_retention_period": 0,
            "backup_target": "region",
            "backup_window": "03:28-03:58",
            "blue_green_update": [],
            "ca_cert_identifier": "rds-ca-rsa2048-g1",
            "character_set_name": "",
            "copy_tags_to_snapshot": false,
            "custom_iam_instance_profile": "",
            "customer_owned_ip_enabled": false,
            "db_name": "mydatabase",
            "db_subnet_group_name": "my-db-subnet-group",
            "dedicated_log_volume": false,
            "delete_automated_backups": true,
            "deletion_protection": false,
            "domain": "",
            "domain_auth_secret_arn": "",
            "domain_dns_ips": null,
            "domain_fqdn": "",
            "domain_iam_role_name": "",
            "domain_ou": "",
            "enabled_cloudwatch_logs_exports": null,
            "endpoint": "my-database.cpeaiqgw037i.eu-west-2.rds.amazonaws.com:3306",
            "engine": "mysql",
            "engine_lifecycle_support": "open-source-rds-extended-support",
            "engine_version": "8.0.32",
            "engine_version_actual": "8.0.32",
            "final_snapshot_identifier": null,
            "hosted_zone_id": "Z1TTGA775OQIYO",
            "iam_database_authentication_enabled": false,
            "id": "db-VR3W2WMZJY42PULMMIQJJOYXCU",
            "identifier": "my-database",
            "identifier_prefix": "",
            "instance_class": "db.t3.micro",
            "iops": 0,
            "kms_key_id": "",
            "latest_restorable_time": "",
            "license_model": "general-public-license",
            "listener_endpoint": [],
            "maintenance_window": "wed:04:34-wed:05:04",
            "manage_master_user_password": null,
            "master_user_secret": [],
            "master_user_secret_kms_key_id": null,
            "max_allocated_storage": 0,
            "monitoring_interval": 0,
            "monitoring_role_arn": "",
            "multi_az": false,
            "nchar_character_set_name": "",
            "network_type": "IPV4",
            "option_group_name": "default:mysql-8-0",
            "parameter_group_name": "default.mysql8.0",
            "password": "password123",
            "performance_insights_enabled": false,
            "performance_insights_kms_key_id": "",
            "performance_insights_retention_period": 0,
            "port": 3306,
            "publicly_accessible": false,
            "replica_mode": "",
            "replicas": [],
            "replicate_source_db": "",
            "resource_id": "db-VR3W2WMZJY42PULMMIQJJOYXCU",
            "restore_to_point_in_time": [],
            "s3_import": [],
            "skip_final_snapshot": false,
            "snapshot_identifier": null,
            "status": "available",
            "storage_encrypted": false,
            "storage_throughput": 0,
            "storage_type": "gp2",
            "tags": {
              "Name": "my-database"
            },
            "tags_all": {
              "Name": "my-database"
            },
            "timeouts": null,
            "timezone": "",
            "username": "admin",
            "vpc_security_group_ids": [
              "sg-04db97b62c69a4dd2"
            ]
          },
          "sensitive_attributes": [
            [
              {
                "type": "get_attr",
                "value": "password"
              }
            ]
          ],
          "private": "eyJlMmJmYjczMC1lY2FhLTExZTYtOGY4OC0zNDM2M2JjN2M0YzAiOnsiY3JlYXRlIjoyNDAwMDAwMDAwMDAwLCJkZWxldGUiOjM2MDAwMDAwMDAwMDAsInVwZGF0ZSI6NDgwMDAwMDAwMDAwMH0sInNjaGVtYV92ZXJzaW9uIjoiMiJ9",
          "dependencies": [
            "aws_db_subnet_group.main",
            "aws_security_group.web_sg",
            "aws_subnet.private_1",
            "aws_subnet.private_2",
            "aws_vpc.main"
          ]
        }
      ]
    },
    {
      "mode": "managed",
      "type": "aws_db_subnet_group",
      "name": "main",
      "provider": "provider[\"registry.terraform.io/hashicorp/aws\"]",
      "instances": [
        {
          "schema_version": 0,
          "attributes": {
            "arn": "arn:aws:rds:eu-west-2:590183773624:subgrp:my-db-subnet-group",
            "description": "Managed by Terraform",
            "id": "my-db-subnet-group",
            "name": "my-db-subnet-group",
            "name_prefix": "",
            "subnet_ids": [
              "subnet-0301373fe4fc9dc89",
              "subnet-059f1f74ada7dca03"
            ],
            "supported_network_types": [
              "IPV4"
            ],
            "tags": {
              "Name": "my-db-subnet-group"
            },
            "tags_all": {
              "Name": "my-db-subnet-group"
            },
            "vpc_id": "vpc-0f7785de0ee385fce"
          },
          "sensitive_attributes": [],
          "private": "bnVsbA==",
          "dependencies": [
            "aws_subnet.private_1",
            "aws_subnet.private_2",
            "aws_vpc.main"
          ]
        }
      ]
    },
    {
      "mode": "managed",
      "type": "aws_instance",
      "name": "t2_micro",
      "provider": "provider[\"registry.terraform.io/hashicorp/aws\"]",
      "instances": [
        {
          "schema_version": 1,
          "attributes": {
            "ami": "ami-0226b5ec3281d5d20",
            "arn": "arn:aws:ec2:eu-west-2:590183773624:instance/i-0042f762ab43af698",
            "associate_public_ip_address": false,
            "availability_zone": "eu-west-2a",
            "capacity_reservation_specification": [
              {
                "capacity_reservation_preference": "open",
                "capacity_reservation_target": []
              }
            ],
            "cpu_core_count": 1,
            "cpu_options": [
              {
                "amd_sev_snp": "",
                "core_count": 1,
                "threads_per_core": 1
              }
            ],
            "cpu_threads_per_core": 1,
            "credit_specification": [
              {
                "cpu_credits": "standard"
              }
            ],
            "disable_api_stop": false,
            "disable_api_termination": false,
            "ebs_block_device": [],
            "ebs_optimized": false,
            "enclave_options": [
              {
                "enabled": false
              }
            ],
            "ephemeral_block_device": [],
            "get_password_data": false,
            "hibernation": false,
            "host_id": "",
            "host_resource_group_arn": null,
            "iam_instance_profile": "",
            "id": "i-0042f762ab43af698",
            "instance_initiated_shutdown_behavior": "stop",
            "instance_lifecycle": "",
            "instance_market_options": [],
            "instance_type": "t2.micro",
            "key_name": "my-app-keypair",
            "launch_template": [],
            "metadata_options": [
              {
                "http_endpoint": "enabled",
                "http_put_response Hoploaded": "enabled",
                "http_tokens": "optional",
                "http_put_response Hoploaded": "enabled",
                "http_tokens": "optional",
                "http_endpoint": "enabled"
              }
            ],
            "monitoring": false,
            "network_interface_ids": [
              "eni-05d3d65d5d06e9d62"
            ],
            "outpost_arn": "",
            "placement_group": "",
            "private_dns": "ip-10-0-3-236.eu-west-2.compute.internal",
            "private_ip": "10.0.3.236",
            "public_dns": "ec2-35-177-140-83.eu-west-2.compute.amazonaws.com",
            "public_ip": "35.177.140.83",
            "root_block_device": [
              {
                "delete_on_termination": true,
                "encrypted": false,
                "iops": 100,
                "kms_key_id": "",
                "size": 8,
                "snapshot_id": "",
                "throughput": 0,
                "volume_id": "vol-0e4a90a8f64d5f2e5",
                "volume_type": "gp2"
              }
            ],
            "security_groups": [
              "web_sg"
            ],
            "security_group_names": [
              "web_sg"
            ],
            "source_dest_check": true,
            "subnet_id": "subnet-0301373fe4fc9dc89",
            "tags": {
              "Name": "my-app-instance"
            },
            "tenancy": "default",
            "vpc_security_group_ids": [
              "sg-04db97b62c69a4dd2"
            ],
            "volume_tags": [],
            "vpc_id": "vpc-0f7785de0ee385fce"
          },
          "sensitive_attributes": [],
          "private": "eyJhcHBfb3BlcmF0aW9uIjoiTWFuYWdlZCBwcm9qZWN0IiwibWFuYWdlIjp7fX0sImxhc3QtaG9zdCI6e30sInNlcnZpY2UtZ3JvdXBzIjpudWxsfQ==",
          "dependencies": [
            "aws_key_pair.my_key",
            "aws_security_group.web_sg",
            "aws_subnet.private_1",
            "aws_vpc.main"
          ]
        }
      ]
    },
    {
      "mode": "managed",
      "type": "aws_internet_gateway",
      "name": "main",
      "provider": "provider[\"registry.terraform.io/hashicorp/aws\"]",
      "instances": [
        {
          "schema_version": 1,
          "attributes": {
            "arn": "arn:aws:ec2:eu-west-2:590183773624:internet-gateway/igw-06b42604867ce9e8e",
            "id": "igw-06b42604867ce9e8e",
            "internet_gateway_id": "igw-06b42604867ce9e8e",
            "tags": {
              "Name": "main"
            },
            "vpc_id": "vpc-0f7785de0ee385fce"
          },
          "sensitive_attributes": [],
          "private": "eyJpbmVydmVydGdvYXRlc3N1cHBvcnQiOiJzZWFyY2hvc2Vzc1giLCJzZWFyY2hvc2VzIjpudWxsfQ==",
          "dependencies": [
            "aws_vpc.main"
          ]
        }
      ]
    },
    {
      "mode": "managed",
      "type": "aws_route_table",
      "name": "public",
      "provider": "provider[\"registry.terraform.io/hashicorp/aws\"]",
      "instances": [
        {
          "schema_version": 2,
          "attributes": {
            "id": "rtb-0a69d48507be57e5a",
            "route": [],
            "tags": {
              "Name": "public"
            },
            "vpc_id": "vpc-0f7785de0ee385fce"
          },
          "sensitive_attributes": [],
          "private": "eyJyb3V0ZXMiOm51bGwsInJvdXRlX3BhcmFtZXRlcnMiOm51bGwsInZwY19pZCI6InZwYy0wZjc3ODVkZTBlYzg1MmF1YjUifQ==",
          "dependencies": [
            "aws_vpc.main"
          ]
        }
      ]
    },
    {
      "mode": "managed",
      "type": "aws_security_group",
      "name": "web_sg",
      "provider": "provider[\"registry.terraform.io/hashicorp/aws\"]",
      "instances": [
        {
          "schema_version": 2,
          "attributes": {
            "id": "sg-04db97b62c69a4dd2",
            "name": "web_sg",
            "description": "Allow web traffic",
            "vpc_id": "vpc-0f7785de0ee385fce",
            "ingress": [],
            "egress": [
              {
                "cidr_blocks": [
                  "0.0.0.0/0"
                ],
                "from_port": 0,
                "to_port": 0,
                "protocol": "-1"
              }
            ],
            "tags": {
              "Name": "web_sg"
            }
          },
          "sensitive_attributes": [],
          "private": "eyJncm91cF9pZCI6IlNlcnZpY2Vncm91cCIsImF0dHJpYnV0ZXMiOm51bGwsImVncmVzcyI6W3siaWFtX2V4cGFuZCI6MTAsImF3Y19zZWN1cml0eV9zZ2ciOiJhcHAtY3VzdG9tZXItcm9vdC1pbnRlcm5hbC1jdXN0b20tY3VzdG9tZXItYWNjZXNzIiwiaWFtX2V4cGFuZCI6MTAsImF3Y19zZWN1cml0eV9zZ2ciOiJhcHAtY3VzdG9tZXItcm9vdC1pbnRlcm5hbC1jdXN0b21lc3Vyc3BvcnQvMTAtY2xhc3NpYyJ9fQ==",
          "dependencies": [
            "aws_vpc.main"
          ]
        }
      ]
    },
    {
      "mode": "managed",
      "type": "aws_subnet",
      "name": "private_1",
      "provider": "provider[\"registry.terraform.io/hashicorp/aws\"]",
      "instances": [
        {
          "schema_version": 2,
          "attributes": {
            "id": "subnet-0301373fe4fc9dc89",
            "cidr_block": "10.0.1.0/24",
            "availability_zone": "eu-west-2a",
            "vpc_id": "vpc-0f7785de0ee385fce",
            "map_public_ip_on_launch": false,
            "tags": {
              "Name": "private_1"
            }
          },
          "sensitive_attributes": [],
          "private": "eyJub3RfaGVscCIsImNsaWVudF9zcG9ydCIsInZsZC1hZHZhbmNlcyI6e319",
          "dependencies": [
            "aws_vpc.main"
          ]
        }
      ]
    },
    {
      "mode": "managed",
      "type": "aws_subnet",
      "name": "private_2",
      "provider": "provider[\"registry.terraform.io/hashicorp/aws\"]",
      "instances": [
        {
          "schema_version": 2,
          "attributes": {
            "id": "subnet-059f1f74ada7dca03",
            "cidr_block": "10.0.2.0/24",
            "availability_zone": "eu-west-2b",
            "vpc_id": "vpc-0f7785de0ee385fce",
            "map_public_ip_on_launch": false,
            "tags": {
              "Name": "private_2"
            }
          },
          "sensitive_attributes": [],
          "private": "eyJub3RfaGVscCIsImNsaWVudF9zcG9ydCIsInZsZC1hZHZhbmNlcyI6e319",
          "dependencies": [
            "aws_vpc.main"
          ]
        }
      ]
    }
  ]
}
